
Microsoft Visual Studio Solution File, Format Version 12.00
# Visual Studio Version 16
VisualStudioVersion = 16.0.29806.167
MinimumVisualStudioVersion = 10.0.40219.1
Project("{FAE04EC0-301F-11D3-BF4B-00C04F79EFBC}") = "Student Daily Report", "Student Daily Report\Student Daily Report.csproj", "{9FDD4A64-5C40-4442-AFCC-94322C3DB722}"
EndProject
Global
	GlobalSection(SolutionConfigurationPlatforms) = preSolution
		Debug|Any CPU = Debug|Any CPU
		Release|Any CPU = Release|Any CPU
	EndGlobalSection
	GlobalSection(ProjectConfigurationPlatforms) = postSolution
		{9FDD4A64-5C40-4442-AFCC-94322C3DB722}.Debug|Any CPU.ActiveCfg = Debug|Any CPU
		{9FDD4A64-5C40-4442-AFCC-94322C3DB722}.Debug|Any CPU.Build.0 = Debug|Any CPU
		{9FDD4A64-5C40-4442-AFCC-94322C3DB722}.Release|Any CPU.ActiveCfg = Release|Any CPU
		{9FDD4A64-5C40-4442-AFCC-94322C3DB722}.Release|Any CPU.Build.0 = Release|Any CPU
	EndGlobalSection
	GlobalSection(SolutionProperties) = preSolution
		HideSolutionNode = FALSE
	EndGlobalSection
	GlobalSection(ExtensibilityGlobals) = postSolution
		SolutionGuid = {8E598B5E-01B2-407D-A0AF-52F8C82F39F2}
	EndGlobalSection
EndGlobal
